// !$*UTF8*$!
{
	archiveVersion = 1;
	classes = {
	};
	objectVersion = 56;
	objects = {

/* Begin PBXBuildFile section */
		A95DD52F299AEB4300B7B100 /* AppDelegate.swift in Sources */ = {isa = PBXBuildFile; fileRef = A95DD52E299AEB4300B7B100 /* AppDelegate.swift */; };
		A95DD531299AEB4300B7B100 /* SceneDelegate.swift in Sources */ = {isa = PBXBuildFile; fileRef = A95DD530299AEB4300B7B100 /* SceneDelegate.swift */; };
		A95DD533299AEB4300B7B100 /* ViewController.swift in Sources */ = {isa = PBXBuildFile; fileRef = A95DD532299AEB4300B7B100 /* ViewController.swift */; };
		A95DD536299AEB4300B7B100 /* Main.storyboard in Resources */ = {isa = PBXBuildFile; fileRef = A95DD534299AEB4300B7B100 /* Main.storyboard */; };
		A95DD538299AEB4400B7B100 /* Assets.xcassets in Resources */ = {isa = PBXBuildFile; fileRef = A95DD537299AEB4400B7B100 /* Assets.xcassets */; };
		A95DD53B299AEB4400B7B100 /* LaunchScreen.storyboard in Resources */ = {isa = PBXBuildFile; fileRef = A95DD539299AEB4400B7B100 /* LaunchScreen.storyboard */; };
		A95DD546299AEB4400B7B100 /* catchTheKennyTests.swift in Sources */ = {isa = PBXBuildFile; fileRef = A95DD545299AEB4400B7B100 /* catchTheKennyTests.swift */; };
		A95DD550299AEB4400B7B100 /* catchTheKennyUITests.swift in Sources */ = {isa = PBXBuildFile; fileRef = A95DD54F299AEB4400B7B100 /* catchTheKennyUITests.swift */; };
		A95DD552299AEB4400B7B100 /* catchTheKennyUITestsLaunchTests.swift in Sources */ = {isa = PBXBuildFile; fileRef = A95DD551299AEB4400B7B100 /* catchTheKennyUITestsLaunchTests.swift */; };
/* End PBXBuildFile section */

/* Begin PBXContainerItemProxy section */
		A95DD542299AEB4400B7B100 /* PBXContainerItemProxy */ = {
			isa = PBXContainerItemProxy;
			containerPortal = A95DD523299AEB4300B7B100 /* Project object */;
			proxyType = 1;
			remoteGlobalIDString = A95DD52A299AEB4300B7B100;
			remoteInfo = catchTheKenny;
		};
		A95DD54C299AEB4400B7B100 /* PBXContainerItemProxy */ = {
			isa = PBXContainerItemProxy;
			containerPortal = A95DD523299AEB4300B7B100 /* Project object */;
			proxyType = 1;
			remoteGlobalIDString = A95DD52A299AEB4300B7B100;
			remoteInfo = catchTheKenny;
		};
/* End PBXContainerItemProxy section */

/* Begin PBXFileReference section */
		A95DD52B299AEB4300B7B100 /* catchTheKenny.app */ = {isa = PBXFileReference; explicitFileType = wrapper.application; includeInIndex = 0; path = catchTheKenny.app; sourceTree = BUILT_PRODUCTS_DIR; };
		A95DD52E299AEB4300B7B100 /* AppDelegate.swift */ = {isa = PBXFileReference; lastKnownFileType = sourcecode.swift; path = AppDelegate.swift; sourceTree = "<group>"; };
		A95DD530299AEB4300B7B100 /* SceneDelegate.swift */ = {isa = PBXFileReference; lastKnownFileType = sourcecode.swift; path = SceneDelegate.swift; sourceTree = "<group>"; };
		A95DD532299AEB4300B7B100 /* ViewController.swift */ = {isa = PBXFileReference; lastKnownFileType = sourcecode.swift; path = ViewController.swift; sourceTree = "<group>"; };
		A95DD535299AEB4300B7B100 /* Base */ = {isa = PBXFileReference; lastKnownFileType = file.storyboard; name = Base; path = Base.lproj/Main.storyboard; sourceTree = "<group>"; };
		A95DD537299AEB4400B7B100 /* Assets.xcassets */ = {isa = PBXFileReference; lastKnownFileType = folder.assetcatalog; path = Assets.xcassets; sourceTree = "<group>"; };
		A95DD53A299AEB4400B7B100 /* Base */ = {isa = PBXFileReference; lastKnownFileType = file.storyboard; name = Base; path = Base.lproj/LaunchScreen.storyboard; sourceTree = "<group>"; };
		A95DD53C299AEB4400B7B100 /* Info.plist */ = {isa = PBXFileReference; lastKnownFileType = text.plist.xml; path = Info.plist; sourceTree = "<group>"; };
		A95DD541299AEB4400B7B100 /* catchTheKennyTests.xctest */ = {isa = PBXFileReference; explicitFileType = wrapper.cfbundle; includeInIndex = 0; path = catchTheKennyTests.xctest; sourceTree = BUILT_PRODUCTS_DIR; };
		A95DD545299AEB4400B7B100 /* catchTheKennyTests.swift */ = {isa = PBXFileReference; lastKnownFileType = sourcecode.swift; path = catchTheKennyTests.swift; sourceTree = "<group>"; };
		A95DD54B299AEB4400B7B100 /* catchTheKennyUITests.xctest */ = {isa = PBXFileReference; explicitFileType = wrapper.cfbundle; includeInIndex = 0; path = catchTheKennyUITests.xctest; sourceTree = BUILT_PRODUCTS_DIR; };
		A95DD54F299AEB4400B7B100 /* catchTheKennyUITests.swift */ = {isa = PBXFileReference; lastKnownFileType = sourcecode.swift; path = catchTheKennyUITests.swift; sourceTree = "<group>"; };
		A95DD551299AEB4400B7B100 /* catchTheKennyUITestsLaunchTests.swift */ = {isa = PBXFileReference; lastKnownFileType = sourcecode.swift; path = catchTheKennyUITestsLaunchTests.swift; sourceTree = "<group>"; };
/* End PBXFileReference section */

/* Begin PBXFrameworksBuildPhase section */
		A95DD528299AEB4300B7B100 /* Frameworks */ = {
			isa = PBXFrameworksBuildPhase;
			buildActionMask = 2147483647;
			files = (
			);
			runOnlyForDeploymentPostprocessing = 0;
		};
		A95DD53E299AEB4400B7B100 /* Frameworks */ = {
			isa = PBXFrameworksBuildPhase;
			buildActionMask = 2147483647;
			files = (
			);
			runOnlyForDeploymentPostprocessing = 0;
		};
		A95DD548299AEB4400B7B100 /* Frameworks */ = {
			isa = PBXFrameworksBuildPhase;
			buildActionMask = 2147483647;
			files = (
			);
			runOnlyForDeploymentPostprocessing = 0;
		};
/* End PBXFrameworksBuildPhase section */

/* Begin PBXGroup section */
		A95DD522299AEB4300B7B100 = {
			isa = PBXGroup;
			children = (
				A95DD52D299AEB4300B7B100 /* catchTheKenny */,
				A95DD544299AEB4400B7B100 /* catchTheKennyTests */,
				A95DD54E299AEB4400B7B100 /* catchTheKennyUITests */,
				A95DD52C299AEB4300B7B100 /* Products */,
			);
			sourceTree = "<group>";
		};
		A95DD52C299AEB4300B7B100 /* Products */ = {
			isa = PBXGroup;
			children = (
				A95DD52B299AEB4300B7B100 /* catchTheKenny.app */,
				A95DD541299AEB4400B7B100 /* catchTheKennyTests.xctest */,
				A95DD54B299AEB4400B7B100 /* catchTheKennyUITests.xctest */,
			);
			name = Products;
			sourceTree = "<group>";
		};
		A95DD52D299AEB4300B7B100 /* catchTheKenny */ = {
			isa = PBXGroup;
			children = (
				A95DD52E299AEB4300B7B100 /* AppDelegate.swift */,
				A95DD530299AEB4300B7B100 /* SceneDelegate.swift */,
				A95DD532299AEB4300B7B100 /* ViewController.swift */,
				A95DD534299AEB4300B7B100 /* Main.storyboard */,
				A95DD537299AEB4400B7B100 /* Assets.xcassets */,
				A95DD539299AEB4400B7B100 /* LaunchScreen.storyboard */,
				A95DD53C299AEB4400B7B100 /* Info.plist */,
			);
			path = catchTheKenny;
			sourceTree = "<group>";
		};
		A95DD544299AEB4400B7B100 /* catchTheKennyTests */ = {
			isa = PBXGroup;
			children = (
				A95DD545299AEB4400B7B100 /* catchTheKennyTests.swift */,
			);
			path = catchTheKennyTests;
			sourceTree = "<group>";
		};
		A95DD54E299AEB4400B7B100 /* catchTheKennyUITests */ = {
			isa = PBXGroup;
			children = (
				A95DD54F299AEB4400B7B100 /* catchTheKennyUITests.swift */,
				A95DD551299AEB4400B7B100 /* catchTheKennyUITestsLaunchTests.swift */,
			);
			path = catchTheKennyUITests;
			sourceTree = "<group>";
		};
/* End PBXGroup section */

/* Begin PBXNativeTarget section */
		A95DD52A299AEB4300B7B100 /* catchTheKenny */ = {
			isa = PBXNativeTarget;
			buildConfigurationList = A95DD555299AEB4400B7B100 /* Build configuration list for PBXNativeTarget "catchTheKenny" */;
			buildPhases = (
				A95DD527299AEB4300B7B100 /* Sources */,
				A95DD528299AEB4300B7B100 /* Frameworks */,
				A95DD529299AEB4300B7B100 /* Resources */,
			);
			buildRules = (
			);
			dependencies = (
			);
			name = catchTheKenny;
			productName = catchTheKenny;
			productReference = A95DD52B299AEB4300B7B100 /* catchTheKenny.app */;
			productType = "com.apple.product-type.application";
		};
		A95DD540299AEB4400B7B100 /* catchTheKennyTests */ = {
			isa = PBXNativeTarget;
			buildConfigurationList = A95DD558299AEB4400B7B100 /* Build configuration list for PBXNativeTarget "catchTheKennyTests" */;
			buildPhases = (
				A95DD53D299AEB4400B7B100 /* Sources */,
				A95DD53E299AEB4400B7B100 /* Frameworks */,
				A95DD53F299AEB4400B7B100 /* Resources */,
			);
			buildRules = (
			);
			dependencies = (
				A95DD543299AEB4400B7B100 /* PBXTargetDependency */,
			);
			name = catchTheKennyTests;
			productName = catchTheKennyTests;
			productReference = A95DD541299AEB4400B7B100 /* catchTheKennyTests.xctest */;
			productType = "com.apple.product-type.bundle.unit-test";
		};
		A95DD54A299AEB4400B7B100 /* catchTheKennyUITests */ = {
			isa = PBXNativeTarget;
			buildConfigurationList = A95DD55B299AEB4400B7B100 /* Build configuration list for PBXNativeTarget "catchTheKennyUITests" */;
			buildPhases = (
				A95DD547299AEB4400B7B100 /* Sources */,
				A95DD548299AEB4400B7B100 /* Frameworks */,
				A95DD549299AEB4400B7B100 /* Resources */,
			);
			buildRules = (
			);
			dependencies = (
				A95DD54D299AEB4400B7B100 /* PBXTargetDependency */,
			);
			name = catchTheKennyUITests;
			productName = catchTheKennyUITests;
			productReference = A95DD54B299AEB4400B7B100 /* catchTheKennyUITests.xctest */;
			productType = "com.apple.product-type.bundle.ui-testing";
		};
/* End PBXNativeTarget section */

/* Begin PBXProject section */
		A95DD523299AEB4300B7B100 /* Project object */ = {
			isa = PBXProject;
			attributes = {
				BuildIndependentTargetsInParallel = 1;
				LastSwiftUpdateCheck = 1410;
				LastUpgradeCheck = 1410;
				TargetAttributes = {
					A95DD52A299AEB4300B7B100 = {
						CreatedOnToolsVersion = 14.1;
					};
					A95DD540299AEB4400B7B100 = {
						CreatedOnToolsVersion = 14.1;
						TestTargetID = A95DD52A299AEB4300B7B100;
					};
					A95DD54A299AEB4400B7B100 = {
						CreatedOnToolsVersion = 14.1;
						TestTargetID = A95DD52A299AEB4300B7B100;
					};
				};
			};
			buildConfigurationList = A95DD526299AEB4300B7B100 /* Build configuration list for PBXProject "catchTheKenny" */;
			compatibilityVersion = "Xcode 14.0";
			developmentRegion = en;
			hasScannedForEncodings = 0;
			knownRegions = (
				en,
				Base,
			);
			mainGroup = A95DD522299AEB4300B7B100;
			productRefGroup = A95DD52C299AEB4300B7B100 /* Products */;
			projectDirPath = "";
			projectRoot = "";
			targets = (
				A95DD52A299AEB4300B7B100 /* catchTheKenny */,
				A95DD540299AEB4400B7B100 /* catchTheKennyTests */,
				A95DD54A299AEB4400B7B100 /* catchTheKennyUITests */,
			);
		};
/* End PBXProject section */

/* Begin PBXResourcesBuildPhase section */
		A95DD529299AEB4300B7B100 /* Resources */ = {
			isa = PBXResourcesBuildPhase;
			buildActionMask = 2147483647;
			files = (
				A95DD53B299AEB4400B7B100 /* LaunchScreen.storyboard in Resources */,
				A95DD538299AEB4400B7B100 /* Assets.xcassets in Resources */,
				A95DD536299AEB4300B7B100 /* Main.storyboard in Resources */,
			);
			runOnlyForDeploymentPostprocessing = 0;
		};
		A95DD53F299AEB4400B7B100 /* Resources */ = {
			isa = PBXResourcesBuildPhase;
			buildActionMask = 2147483647;
			files = (
			);
			runOnlyForDeploymentPostprocessing = 0;
		};
		A95DD549299AEB4400B7B100 /* Resources */ = {
			isa = PBXResourcesBuildPhase;
			buildActionMask = 2147483647;
			files = (
			);
			runOnlyForDeploymentPostprocessing = 0;
		};
/* End PBXResourcesBuildPhase section */

/* Begin PBXSourcesBuildPhase section */
		A95DD527299AEB4300B7B100 /* Sources */ = {
			isa = PBXSourcesBuildPhase;
			buildActionMask = 2147483647;
			files = (
				A95DD533299AEB4300B7B100 /* ViewController.swift in Sources */,
				A95DD52F299AEB4300B7B100 /* AppDelegate.swift in Sources */,
				A95DD531299AEB4300B7B100 /* SceneDelegate.swift in Sources */,
			);
			runOnlyForDeploymentPostprocessing = 0;
		};
		A95DD53D299AEB4400B7B100 /* Sources */ = {
			isa = PBXSourcesBuildPhase;
			buildActionMask = 2147483647;
			files = (
				A95DD546299AEB4400B7B100 /* catchTheKennyTests.swift in Sources */,
			);
			runOnlyForDeploymentPostprocessing = 0;
		};
		A95DD547299AEB4400B7B100 /* Sources */ = {
			isa = PBXSourcesBuildPhase;
			buildActionMask = 2147483647;
			files = (
				A95DD552299AEB4400B7B100 /* catchTheKennyUITestsLaunchTests.swift in Sources */,
				A95DD550299AEB4400B7B100 /* catchTheKennyUITests.swift in Sources */,
			);
			runOnlyForDeploymentPostprocessing = 0;
		};
/* End PBXSourcesBuildPhase section */

/* Begin PBXTargetDependency section */
		A95DD543299AEB4400B7B100 /* PBXTargetDependency */ = {
			isa = PBXTargetDependency;
			target = A95DD52A299AEB4300B7B100 /* catchTheKenny */;
			targetProxy = A95DD542299AEB4400B7B100 /* PBXContainerItemProxy */;
		};
		A95DD54D299AEB4400B7B100 /* PBXTargetDependency */ = {
			isa = PBXTargetDependency;
			target = A95DD52A299AEB4300B7B100 /* catchTheKenny */;
			targetProxy = A95DD54C299AEB4400B7B100 /* PBXContainerItemProxy */;
		};
/* End PBXTargetDependency section */

/* Begin PBXVariantGroup section */
		A95DD534299AEB4300B7B100 /* Main.storyboard */ = {
			isa = PBXVariantGroup;
			children = (
				A95DD535299AEB4300B7B100 /* Base */,
			);
			name = Main.storyboard;
			sourceTree = "<group>";
		};
		A95DD539299AEB4400B7B100 /* LaunchScreen.storyboard */ = {
			isa = PBXVariantGroup;
			children = (
				A95DD53A299AEB4400B7B100 /* Base */,
			);
			name = LaunchScreen.storyboard;
			sourceTree = "<group>";
		};
/* End PBXVariantGroup section */

/* Begin XCBuildConfiguration section */
		A95DD553299AEB4400B7B100 /* Debug */ = {
			isa = XCBuildConfiguration;
			buildSettings = {
				ALWAYS_SEARCH_USER_PATHS = NO;
				CLANG_ANALYZER_NONNULL = YES;
				CLANG_ANALYZER_NUMBER_OBJECT_CONVERSION = YES_AGGRESSIVE;
				CLANG_CXX_LANGUAGE_STANDARD = "gnu++20";
				CLANG_ENABLE_MODULES = YES;
				CLANG_ENABLE_OBJC_ARC = YES;
				CLANG_ENABLE_OBJC_WEAK = YES;
				CLANG_WARN_BLOCK_CAPTURE_AUTORELEASING = YES;
				CLANG_WARN_BOOL_CONVERSION = YES;
				CLANG_WARN_COMMA = YES;
				CLANG_WARN_CONSTANT_CONVERSION = YES;
				CLANG_WARN_DEPRECATED_OBJC_IMPLEMENTATIONS = YES;
				CLANG_WARN_DIRECT_OBJC_ISA_USAGE = YES_ERROR;
				CLANG_WARN_DOCUMENTATION_COMMENTS = YES;
				CLANG_WARN_EMPTY_BODY = YES;
				CLANG_WARN_ENUM_CONVERSION = YES;
				CLANG_WARN_INFINITE_RECURSION = YES;
				CLANG_WARN_INT_CONVERSION = YES;
				CLANG_WARN_NON_LITERAL_NULL_CONVERSION = YES;
				CLANG_WARN_OBJC_IMPLICIT_RETAIN_SELF = YES;
				CLANG_WARN_OBJC_LITERAL_CONVERSION = YES;
				CLANG_WARN_OBJC_ROOT_CLASS = YES_ERROR;
				CLANG_WARN_QUOTED_INCLUDE_IN_FRAMEWORK_HEADER = YES;
				CLANG_WARN_RANGE_LOOP_ANALYSIS = YES;
				CLANG_WARN_STRICT_PROTOTYPES = YES;
				CLANG_WARN_SUSPICIOUS_MOVE = YES;
				CLANG_WARN_UNGUARDED_AVAILABILITY = YES_AGGRESSIVE;
				CLANG_WARN_UNREACHABLE_CODE = YES;
				CLANG_WARN__DUPLICATE_METHOD_MATCH = YES;
				COPY_PHASE_STRIP = NO;
				DEBUG_INFORMATION_FORMAT = dwarf;
				ENABLE_STRICT_OBJC_MSGSEND = YES;
				ENABLE_TESTABILITY = YES;
				GCC_C_LANGUAGE_STANDARD = gnu11;
				GCC_DYNAMIC_NO_PIC = NO;
				GCC_NO_COMMON_BLOCKS = YES;
				GCC_OPTIMIZATION_LEVEL = 0;
				GCC_PREPROCESSOR_DEFINITIONS = (
					"DEBUG=1",
					"$(inherited)",
				);
				GCC_WARN_64_TO_32_BIT_CONVERSION = YES;
				GCC_WARN_ABOUT_RETURN_TYPE = YES_ERROR;
				GCC_WARN_UNDECLARED_SELECTOR = YES;
				GCC_WARN_UNINITIALIZED_AUTOS = YES_AGGRESSIVE;
				GCC_WARN_UNUSED_FUNCTION = YES;
				GCC_WARN_UNUSED_VARIABLE = YES;
				IPHONEOS_DEPLOYMENT_TARGET = 16.1;
				MTL_ENABLE_DEBUG_INFO = INCLUDE_SOURCE;
				MTL_FAST_MATH = YES;
				ONLY_ACTIVE_ARCH = YES;
				SDKROOT = iphoneos;
				SWIFT_ACTIVE_COMPILATION_CONDITIONS = DEBUG;
				SWIFT_OPTIMIZATION_LEVEL = "-Onone";
			};
			name = Debug;
		};
		A95DD554299AEB4400B7B100 /* Release */ = {
			isa = XCBuildConfiguration;
			buildSettings = {
				ALWAYS_SEARCH_USER_PATHS = NO;
				CLANG_ANALYZER_NONNULL = YES;
				CLANG_ANALYZER_NUMBER_OBJECT_CONVERSION = YES_AGGRESSIVE;
				CLANG_CXX_LANGUAGE_STANDARD = "gnu++20";
				CLANG_ENABLE_MODULES = YES;
				CLANG_ENABLE_OBJC_ARC = YES;
				CLANG_ENABLE_OBJC_WEAK = YES;
				CLANG_WARN_BLOCK_CAPTURE_AUTORELEASING = YES;
				CLANG_WARN_BOOL_CONVERSION = YES;
				CLANG_WARN_COMMA = YES;
				CLANG_WARN_CONSTANT_CONVERSION = YES;
				CLANG_WARN_DEPRECATED_OBJC_IMPLEMENTATIONS = YES;
				CLANG_WARN_DIRECT_OBJC_ISA_USAGE = YES_ERROR;
				CLANG_WARN_DOCUMENTATION_COMMENTS = YES;
				CLANG_WARN_EMPTY_BODY = YES;
				CLANG_WARN_ENUM_CONVERSION = YES;
				CLANG_WARN_INFINITE_RECURSION = YES;
				CLANG_WARN_INT_CONVERSION = YES;
				CLANG_WARN_NON_LITERAL_NULL_CONVERSION = YES;
				CLANG_WARN_OBJC_IMPLICIT_RETAIN_SELF = YES;
				CLANG_WARN_OBJC_LITERAL_CONVERSION = YES;
				CLANG_WARN_OBJC_ROOT_CLASS = YES_ERROR;
				CLANG_WARN_QUOTED_INCLUDE_IN_FRAMEWORK_HEADER = YES;
				CLANG_WARN_RANGE_LOOP_ANALYSIS = YES;
				CLANG_WARN_STRICT_PROTOTYPES = YES;
				CLANG_WARN_SUSPICIOUS_MOVE = YES;
				CLANG_WARN_UNGUARDED_AVAILABILITY = YES_AGGRESSIVE;
				CLANG_WARN_UNREACHABLE_CODE = YES;
				CLANG_WARN__DUPLICATE_METHOD_MATCH = YES;
				COPY_PHASE_STRIP = NO;
				DEBUG_INFORMATION_FORMAT = "dwarf-with-dsym";
				ENABLE_NS_ASSERTIONS = NO;
				ENABLE_STRICT_OBJC_MSGSEND = YES;
				GCC_C_LANGUAGE_STANDARD = gnu11;
				GCC_NO_COMMON_BLOCKS = YES;
				GCC_WARN_64_TO_32_BIT_CONVERSION = YES;
				GCC_WARN_ABOUT_RETURN_TYPE = YES_ERROR;
				GCC_WARN_UNDECLARED_SELECTOR = YES;
				GCC_WARN_UNINITIALIZED_AUTOS = YES_AGGRESSIVE;
				GCC_WARN_UNUSED_FUNCTION = YES;
				GCC_WARN_UNUSED_VARIABLE = YES;
				IPHONEOS_DEPLOYMENT_TARGET = 16.1;
				MTL_ENABLE_DEBUG_INFO = NO;
				MTL_FAST_MATH = YES;
				SDKROOT = iphoneos;
				SWIFT_COMPILATION_MODE = wholemodule;
				SWIFT_OPTIMIZATION_LEVEL = "-O";
				VALIDATE_PRODUCT = YES;
			};
			name = Release;
		};
		A95DD556299AEB4400B7B100 /* Debug */ = {
			isa = XCBuildConfiguration;
			buildSettings = {
				ASSETCATALOG_COMPILER_APPICON_NAME = AppIcon;
				ASSETCATALOG_COMPILER_GLOBAL_ACCENT_COLOR_NAME = AccentColor;
				CODE_SIGN_STYLE = Automatic;
				CURRENT_PROJECT_VERSION = 1;
				GENERATE_INFOPLIST_FILE = YES;
				INFOPLIST_FILE = catchTheKenny/Info.plist;
				INFOPLIST_KEY_UIApplicationSupportsIndirectInputEvents = YES;
				INFOPLIST_KEY_UILaunchStoryboardName = LaunchScreen;
				INFOPLIST_KEY_UIMainStoryboardFile = Main;
				INFOPLIST_KEY_UISupportedInterfaceOrientations_iPad = "UIInterfaceOrientationPortrait UIInterfaceOrientationPortraitUpsideDown UIInterfaceOrientationLandscapeLeft UIInterfaceOrientationLandscapeRight";
				INFOPLIST_KEY_UISupportedInterfaceOrientations_iPhone = "UIInterfaceOrientationPortrait UIInterfaceOrientationLandscapeLeft UIInterfaceOrientationLandscapeRight";
				LD_RUNPATH_SEARCH_PATHS = (
					"$(inherited)",
					"@executable_path/Frameworks",
				);
				MARKETING_VERSION = 1.0;
				PRODUCT_BUNDLE_IDENTIFIER = com.umityusuferdem.catchTheKenny;
				PRODUCT_NAME = "$(TARGET_NAME)";
				SWIFT_EMIT_LOC_STRINGS = YES;
				SWIFT_VERSION = 5.0;
				TARGETED_DEVICE_FAMILY = "1,2";
			};
			name = Debug;
		};
		A95DD557299AEB4400B7B100 /* Release */ = {
			isa = XCBuildConfiguration;
			buildSettings = {
				ASSETCATALOG_COMPILER_APPICON_NAME = AppIcon;
				ASSETCATALOG_COMPILER_GLOBAL_ACCENT_COLOR_NAME = AccentColor;
				CODE_SIGN_STYLE = Automatic;
				CURRENT_PROJECT_VERSION = 1;
				GENERATE_INFOPLIST_FILE = YES;
				INFOPLIST_FILE = catchTheKenny/Info.plist;
				INFOPLIST_KEY_UIApplicationSupportsIndirectInputEvents = YES;
				INFOPLIST_KEY_UILaunchStoryboardName = LaunchScreen;
				INFOPLIST_KEY_UIMainStoryboardFile = Main;
				INFOPLIST_KEY_UISupportedInterfaceOrientations_iPad = "UIInterfaceOrientationPortrait UIInterfaceOrientationPortraitUpsideDown UIInterfaceOrientationLandscapeLeft UIInterfaceOrientationLandscapeRight";
				INFOPLIST_KEY_UISupportedInterfaceOrientations_iPhone = "UIInterfaceOrientationPortrait UIInterfaceOrientationLandscapeLeft UIInterfaceOrientationLandscapeRight";
				LD_RUNPATH_SEARCH_PATHS = (
					"$(inherited)",
					"@executable_path/Frameworks",
				);
				MARKETING_VERSION = 1.0;
				PRODUCT_BUNDLE_IDENTIFIER = com.umityusuferdem.catchTheKenny;
				PRODUCT_NAME = "$(TARGET_NAME)";
				SWIFT_EMIT_LOC_STRINGS = YES;
				SWIFT_VERSION = 5.0;
				TARGETED_DEVICE_FAMILY = "1,2";
			};
			name = Release;
		};
		A95DD559299AEB4400B7B100 /* Debug */ = {
			isa = XCBuildConfiguration;
			buildSettings = {
				ALWAYS_EMBED_SWIFT_STANDARD_LIBRARIES = YES;
				BUNDLE_LOADER = "$(TEST_HOST)";
				CODE_SIGN_STYLE = Automatic;
				CURRENT_PROJECT_VERSION = 1;
				GENERATE_INFOPLIST_FILE = YES;
				IPHONEOS_DEPLOYMENT_TARGET = 16.1;
				MARKETING_VERSION = 1.0;
				PRODUCT_BUNDLE_IDENTIFIER = com.umityusuferdem.catchTheKennyTests;
				PRODUCT_NAME = "$(TARGET_NAME)";
				SWIFT_EMIT_LOC_STRINGS = NO;
				SWIFT_VERSION = 5.0;
				TARGETED_DEVICE_FAMILY = "1,2";
				TEST_HOST = "$(BUILT_PRODUCTS_DIR)/catchTheKenny.app/$(BUNDLE_EXECUTABLE_FOLDER_PATH)/catchTheKenny";
			};
			name = Debug;
		};
		A95DD55A299AEB4400B7B100 /* Release */ = {
			isa = XCBuildConfiguration;
			buildSettings = {
				ALWAYS_EMBED_SWIFT_STANDARD_LIBRARIES = YES;
				BUNDLE_LOADER = "$(TEST_HOST)";
				CODE_SIGN_STYLE = Automatic;
				CURRENT_PROJECT_VERSION = 1;
				GENERATE_INFOPLIST_FILE = YES;
				IPHONEOS_DEPLOYMENT_TARGET = 16.1;
				MARKETING_VERSION = 1.0;
				PRODUCT_BUNDLE_IDENTIFIER = com.umityusuferdem.catchTheKennyTests;
				PRODUCT_NAME = "$(TARGET_NAME)";
				SWIFT_EMIT_LOC_STRINGS = NO;
				SWIFT_VERSION = 5.0;
				TARGETED_DEVICE_FAMILY = "1,2";
				TEST_HOST = "$(BUILT_PRODUCTS_DIR)/catchTheKenny.app/$(BUNDLE_EXECUTABLE_FOLDER_PATH)/catchTheKenny";
			};
			name = Release;
		};
		A95DD55C299AEB4400B7B100 /* Debug */ = {
			isa = XCBuildConfiguration;
			buildSettings = {
				ALWAYS_EMBED_SWIFT_STANDARD_LIBRARIES = YES;
				CODE_SIGN_STYLE = Automatic;
				CURRENT_PROJECT_VERSION = 1;
				GENERATE_INFOPLIST_FILE = YES;
				MARKETING_VERSION = 1.0;
				PRODUCT_BUNDLE_IDENTIFIER = com.umityusuferdem.catchTheKennyUITests;
				PRODUCT_NAME = "$(TARGET_NAME)";
				SWIFT_EMIT_LOC_STRINGS = NO;
				SWIFT_VERSION = 5.0;
				TARGETED_DEVICE_FAMILY = "1,2";
				TEST_TARGET_NAME = catchTheKenny;
			};
			name = Debug;
		};
		A95DD55D299AEB4400B7B100 /* Release */ = {
			isa = XCBuildConfiguration;
			buildSettings = {
				ALWAYS_EMBED_SWIFT_STANDARD_LIBRARIES = YES;
				CODE_SIGN_STYLE = Automatic;
				CURRENT_PROJECT_VERSION = 1;
				GENERATE_INFOPLIST_FILE = YES;
				MARKETING_VERSION = 1.0;
				PRODUCT_BUNDLE_IDENTIFIER = com.umityusuferdem.catchTheKennyUITests;
				PRODUCT_NAME = "$(TARGET_NAME)";
				SWIFT_EMIT_LOC_STRINGS = NO;
				SWIFT_VERSION = 5.0;
				TARGETED_DEVICE_FAMILY = "1,2";
				TEST_TARGET_NAME = catchTheKenny;
			};
			name = Release;
		};
/* End XCBuildConfiguration section */

/* Begin XCConfigurationList section */
		A95DD526299AEB4300B7B100 /* Build configuration list for PBXProject "catchTheKenny" */ = {
			isa = XCConfigurationList;
			buildConfigurations = (
				A95DD553299AEB4400B7B100 /* Debug */,
				A95DD554299AEB4400B7B100 /* Release */,
			);
			defaultConfigurationIsVisible = 0;
			defaultConfigurationName = Release;
		};
		A95DD555299AEB4400B7B100 /* Build configuration list for PBXNativeTarget "catchTheKenny" */ = {
			isa = XCConfigurationList;
			buildConfigurations = (
				A95DD556299AEB4400B7B100 /* Debug */,
				A95DD557299AEB4400B7B100 /* Release */,
			);
			defaultConfigurationIsVisible = 0;
			defaultConfigurationName = Release;
		};
		A95DD558299AEB4400B7B100 /* Build configuration list for PBXNativeTarget "catchTheKennyTests" */ = {
			isa = XCConfigurationList;
			buildConfigurations = (
				A95DD559299AEB4400B7B100 /* Debug */,
				A95DD55A299AEB4400B7B100 /* Release */,
			);
			defaultConfigurationIsVisible = 0;
			defaultConfigurationName = Release;
		};
		A95DD55B299AEB4400B7B100 /* Build configuration list for PBXNativeTarget "catchTheKennyUITests" */ = {
			isa = XCConfigurationList;
			buildConfigurations = (
				A95DD55C299AEB4400B7B100 /* Debug */,
				A95DD55D299AEB4400B7B100 /* Release */,
			);
			defaultConfigurationIsVisible = 0;
			defaultConfigurationName = Release;
		};
/* End XCConfigurationList section */
	};
	rootObject = A95DD523299AEB4300B7B100 /* Project object */;
}
